
Microsoft Visual Studio Solution File, Format Version 12.00
# Visual Studio 15
VisualStudioVersion = 15.0.34112.143
MinimumVisualStudioVersion = 10.0.40219.1
Project("{FAE04EC0-301F-11D3-BF4B-00C04F79EFBC}") = "School", "School\School.csproj", "{5593867B-60EB-4189-A69E-5EC2765EF093}"
EndProject
Global
	GlobalSection(SolutionConfigurationPlatforms) = preSolution
		Debug|Any CPU = Debug|Any CPU
		Release|Any CPU = Release|Any CPU
	EndGlobalSection
	GlobalSection(ProjectConfigurationPlatforms) = postSolution
		{5593867B-60EB-4189-A69E-5EC2765EF093}.Debug|Any CPU.ActiveCfg = Debug|Any CPU
		{5593867B-60EB-4189-A69E-5EC2765EF093}.Debug|Any CPU.Build.0 = Debug|Any CPU
		{5593867B-60EB-4189-A69E-5EC2765EF093}.Release|Any CPU.ActiveCfg = Release|Any CPU
		{5593867B-60EB-4189-A69E-5EC2765EF093}.Release|Any CPU.Build.0 = Release|Any CPU
	EndGlobalSection
	GlobalSection(SolutionProperties) = preSolution
		HideSolutionNode = FALSE
	EndGlobalSection
	GlobalSection(ExtensibilityGlobals) = postSolution
		SolutionGuid = {FF14BD90-2461-49DB-9F56-446E3218BCBB}
	EndGlobalSection
EndGlobal
